{
  "version": 4,
  "terraform_version": "1.5.7",
  "serial": 6,
  "lineage": "890e33e0-0a4a-4c9d-8fc3-5a732aee5926",
  "outputs": {},
  "resources": [
    {
      "module": "module.mongo",
      "mode": "managed",
      "type": "mongodbatlas_cluster",
      "name": "app_tenants",
      "provider": "module.mongo.provider[\"registry.terraform.io/mongodb/mongodbatlas\"]",
      "instances": [
        {
          "schema_version": 1,
          "attributes": {
            "accept_data_risks_and_force_replica_set_reconfig": "",
            "advanced_configuration": [
              {
                "default_read_concern": "",
                "default_write_concern": "",
                "fail_index_key_too_long": false,
                "javascript_enabled": true,
                "minimum_enabled_tls_protocol": "TLS1_2",
                "no_table_scan": false,
                "oplog_min_retention_hours": 0,
                "oplog_size_mb": 0,
                "sample_refresh_interval_bi_connector": 0,
                "sample_size_bi_connector": 0,
                "transaction_lifetime_limit_seconds": 0
              }
            ],
            "auto_scaling_compute_enabled": false,
            "auto_scaling_compute_scale_down_enabled": false,
            "auto_scaling_disk_gb_enabled": false,
            "backing_provider_name": "GCP",
            "backup_enabled": false,
            "bi_connector_config": [
              {
                "enabled": false,
                "read_preference": "secondary"
              }
            ],
            "cloud_backup": null,
            "cluster_id": "6638b69743609a014a652fa0",
            "cluster_type": "REPLICASET",
            "connection_strings": [
              {
                "private": "",
                "private_endpoint": [],
                "private_srv": "",
                "standard": "mongodb://ac-puesqlz-shard-00-00.8xtvrgt.mongodb.net:27017,ac-puesqlz-shard-00-01.8xtvrgt.mongodb.net:27017,ac-puesqlz-shard-00-02.8xtvrgt.mongodb.net:27017/?ssl=true\u0026authSource=admin\u0026replicaSet=atlas-r0gdxb-shard-0",
                "standard_srv": "mongodb+srv://dev-cluster-central-us.8xtvrgt.mongodb.net"
              }
            ],
            "container_id": null,
            "disk_size_gb": 0.5,
            "encryption_at_rest_provider": "NONE",
            "id": "Y2x1c3Rlcl9pZA==:NjYzOGI2OTc0MzYwOWEwMTRhNjUyZmEw-Y2x1c3Rlcl9uYW1l:ZGV2LWNsdXN0ZXItY2VudHJhbC11cw==-cHJvamVjdF9pZA==:NjUzOGU0ZThhZmNjNzU1MTI3YjAxYzcw-cHJvdmlkZXJfbmFtZQ==:VEVOQU5U",
            "labels": [],
            "mongo_db_major_version": "7.0",
            "mongo_db_version": "7.0.8",
            "mongo_uri": "mongodb://ac-puesqlz-shard-00-00.8xtvrgt.mongodb.net:27017,ac-puesqlz-shard-00-01.8xtvrgt.mongodb.net:27017,ac-puesqlz-shard-00-02.8xtvrgt.mongodb.net:27017",
            "mongo_uri_updated": "2024-05-06T10:53:30Z",
            "mongo_uri_with_options": "mongodb://ac-puesqlz-shard-00-00.8xtvrgt.mongodb.net:27017,ac-puesqlz-shard-00-01.8xtvrgt.mongodb.net:27017,ac-puesqlz-shard-00-02.8xtvrgt.mongodb.net:27017/?ssl=true\u0026authSource=admin\u0026replicaSet=atlas-r0gdxb-shard-0",
            "name": "dev-cluster-central-us",
            "num_shards": 1,
            "paused": false,
            "pit_enabled": false,
            "project_id": "6538e4e8afcc755127b01c70",
            "provider_auto_scaling_compute_max_instance_size": "",
            "provider_auto_scaling_compute_min_instance_size": "",
            "provider_disk_iops": null,
            "provider_disk_type_name": "",
            "provider_encrypt_ebs_volume": null,
            "provider_encrypt_ebs_volume_flag": null,
            "provider_instance_size_name": "M0",
            "provider_name": "TENANT",
            "provider_region_name": "CENTRAL_US",
            "provider_volume_type": "",
            "replication_factor": 3,
            "replication_specs": [
              {
                "id": "6638b69743609a014a652f92",
                "num_shards": 1,
                "regions_config": [
                  {
                    "analytics_nodes": 0,
                    "electable_nodes": 3,
                    "priority": 7,
                    "read_only_nodes": 0,
                    "region_name": "CENTRAL_US"
                  }
                ],
                "zone_name": "Zone 1"
              }
            ],
            "retain_backups_enabled": null,
            "snapshot_backup_policy": [],
            "srv_address": "mongodb+srv://dev-cluster-central-us.8xtvrgt.mongodb.net",
            "state_name": "IDLE",
            "tags": [],
            "termination_protection_enabled": false,
            "timeouts": null,
            "version_release_system": "LTS"
          },
          "sensitive_attributes": [],
          "private": "eyJlMmJmYjczMC1lY2FhLTExZTYtOGY4OC0zNDM2M2JjN2M0YzAiOnsiY3JlYXRlIjoxMDgwMDAwMDAwMDAwMCwiZGVsZXRlIjoxMDgwMDAwMDAwMDAwMCwidXBkYXRlIjoxMDgwMDAwMDAwMDAwMH0sInNjaGVtYV92ZXJzaW9uIjoiMSJ9"
        }
      ]
    },
    {
      "module": "module.mongo",
      "mode": "managed",
      "type": "mongodbatlas_database_user",
      "name": "my_user",
      "provider": "module.mongo.provider[\"registry.terraform.io/mongodb/mongodbatlas\"]",
      "instances": [
        {
          "schema_version": 0,
          "attributes": {
            "auth_database_name": "admin",
            "aws_iam_type": "NONE",
            "id": "YXV0aF9kYXRhYmFzZV9uYW1l:YWRtaW4=-cHJvamVjdF9pZA==:NjUzOGU0ZThhZmNjNzU1MTI3YjAxYzcw-dXNlcm5hbWU=:b3V0cnVuX2FkbWlu",
            "labels": [],
            "ldap_auth_type": "NONE",
            "oidc_auth_type": "NONE",
            "password": "@vesF@P8-n@98vV8dztM@JdbcGMoan",
            "project_id": "6538e4e8afcc755127b01c70",
            "roles": [
              {
                "collection_name": null,
                "database_name": "admin",
                "role_name": "atlasAdmin"
              }
            ],
            "scopes": [],
            "username": "outrun_admin",
            "x509_type": "NONE"
          },
          "sensitive_attributes": []
        }
      ]
    },
    {
      "module": "module.mongo",
      "mode": "managed",
      "type": "mongodbatlas_project_ip_access_list",
      "name": "my_ipaddress",
      "provider": "module.mongo.provider[\"registry.terraform.io/mongodb/mongodbatlas\"]",
      "instances": [
        {
          "schema_version": 0,
          "attributes": {
            "aws_security_group": "",
            "cidr_block": "116.255.53.47/32",
            "comment": "My IP Address",
            "id": "ZW50cnk=:MTE2LjI1NS41My40Ny8zMg==-cHJvamVjdF9pZA==:NjUzOGU0ZThhZmNjNzU1MTI3YjAxYzcw",
            "ip_address": "116.255.53.47",
            "project_id": "6538e4e8afcc755127b01c70",
            "timeouts": null
          },
          "sensitive_attributes": []
        }
      ]
    }
  ],
  "check_results": null
}
